
Microsoft Visual Studio Solution File, Format Version 12.00
# Visual Studio Version 17
VisualStudioVersion = 17.4.33213.308
MinimumVisualStudioVersion = 10.0.40219.1
Project("{FAE04EC0-301F-11D3-BF4B-00C04F79EFBC}") = "Practice_CodeCheff", "Practice_CodeCheff.csproj", "{487E9F07-867B-4109-9308-FE2FB144D815}"
EndProject
Global
	GlobalSection(SolutionConfigurationPlatforms) = preSolution
		Debug|Any CPU = Debug|Any CPU
		Release|Any CPU = Release|Any CPU
	EndGlobalSection
	GlobalSection(ProjectConfigurationPlatforms) = postSolution
		{487E9F07-867B-4109-9308-FE2FB144D815}.Debug|Any CPU.ActiveCfg = Debug|Any CPU
		{487E9F07-867B-4109-9308-FE2FB144D815}.Debug|Any CPU.Build.0 = Debug|Any CPU
		{487E9F07-867B-4109-9308-FE2FB144D815}.Release|Any CPU.ActiveCfg = Release|Any CPU
		{487E9F07-867B-4109-9308-FE2FB144D815}.Release|Any CPU.Build.0 = Release|Any CPU
	EndGlobalSection
	GlobalSection(SolutionProperties) = preSolution
		HideSolutionNode = FALSE
	EndGlobalSection
	GlobalSection(ExtensibilityGlobals) = postSolution
		SolutionGuid = {1ACB0329-508D-4A5A-A396-DF95548BFF1B}
	EndGlobalSection
EndGlobal
